
Microsoft Visual Studio Solution File, Format Version 12.00
# Visual Studio 15
VisualStudioVersion = 15.0.28307.1145
MinimumVisualStudioVersion = 10.0.40219.1
Project("{8BC9CEB8-8B4A-11D0-8D11-00A0C91BC942}") = "DLL", "DLL\DLL.vcxproj", "{68AE7744-D230-48A1-88C5-EA4069B667B2}"
EndProject
Global
	GlobalSection(SolutionConfigurationPlatforms) = preSolution
		Debug|x64 = Debug|x64
		Debug|x86 = Debug|x86
		Release|x64 = Release|x64
		Release|x86 = Release|x86
	EndGlobalSection
	GlobalSection(ProjectConfigurationPlatforms) = postSolution
		{68AE7744-D230-48A1-88C5-EA4069B667B2}.Debug|x64.ActiveCfg = Debug|x64
		{68AE7744-D230-48A1-88C5-EA4069B667B2}.Debug|x64.Build.0 = Debug|x64
		{68AE7744-D230-48A1-88C5-EA4069B667B2}.Debug|x86.ActiveCfg = Debug|Win32
		{68AE7744-D230-48A1-88C5-EA4069B667B2}.Debug|x86.Build.0 = Debug|Win32
		{68AE7744-D230-48A1-88C5-EA4069B667B2}.Release|x64.ActiveCfg = Release|x64
		{68AE7744-D230-48A1-88C5-EA4069B667B2}.Release|x64.Build.0 = Release|x64
		{68AE7744-D230-48A1-88C5-EA4069B667B2}.Release|x86.ActiveCfg = Release|Win32
		{68AE7744-D230-48A1-88C5-EA4069B667B2}.Release|x86.Build.0 = Release|Win32
	EndGlobalSection
	GlobalSection(SolutionProperties) = preSolution
		HideSolutionNode = FALSE
	EndGlobalSection
	GlobalSection(ExtensibilityGlobals) = postSolution
		SolutionGuid = {A0391319-C17E-415D-BF72-1452DF0B0643}
	EndGlobalSection
EndGlobal
